
Microsoft Visual Studio Solution File, Format Version 12.00
# Visual Studio 2013
VisualStudioVersion = 12.0.0.0
MinimumVisualStudioVersion = 10.0.0.1
Project("{FAE04EC0-301F-11D3-BF4B-00C04F79EFBC}") = "Project", "Project\Project.csproj", "{0A071787-47E0-49F5-91E9-72B9C5E7C84D}"
EndProject
Project("{FAE04EC0-301F-11D3-BF4B-00C04F79EFBC}") = "TestProject", "TestProject\TestProject.csproj", "{AA91908C-A24A-42B8-8D9B-79F0A3AAAEEA}"
EndProject
Global
	GlobalSection(SolutionConfigurationPlatforms) = preSolution
		Debug|Any CPU = Debug|Any CPU
		Release|Any CPU = Release|Any CPU
	EndGlobalSection
	GlobalSection(ProjectConfigurationPlatforms) = postSolution
		{0A071787-47E0-49F5-91E9-72B9C5E7C84D}.Debug|Any CPU.ActiveCfg = Debug|Any CPU
		{0A071787-47E0-49F5-91E9-72B9C5E7C84D}.Debug|Any CPU.Build.0 = Debug|Any CPU
		{0A071787-47E0-49F5-91E9-72B9C5E7C84D}.Release|Any CPU.ActiveCfg = Release|Any CPU
		{0A071787-47E0-49F5-91E9-72B9C5E7C84D}.Release|Any CPU.Build.0 = Release|Any CPU
		{AA91908C-A24A-42B8-8D9B-79F0A3AAAEEA}.Debug|Any CPU.ActiveCfg = Debug|Any CPU
		{AA91908C-A24A-42B8-8D9B-79F0A3AAAEEA}.Debug|Any CPU.Build.0 = Debug|Any CPU
		{AA91908C-A24A-42B8-8D9B-79F0A3AAAEEA}.Release|Any CPU.ActiveCfg = Release|Any CPU
		{AA91908C-A24A-42B8-8D9B-79F0A3AAAEEA}.Release|Any CPU.Build.0 = Release|Any CPU
	EndGlobalSection
	GlobalSection(SolutionProperties) = preSolution
		HideSolutionNode = FALSE
	EndGlobalSection
EndGlobal
